{
  "name": "05-proyecto",
  "version": "1.0.0",
  "lockfileVersion": 1,
  "requires": true,
  "dependencies": {
    "librerias_ariel": {
      "version": "1.0.0",
      "resolved": "https://registry.npmjs.org/librerias_ariel/-/librerias_ariel-1.0.0.tgz",
      "integrity": "sha512-gUNRKGBBr+21I7t9E2FBIwnvFGLNjpNoB6fyyetqKcb8I3nsKysHJFP9MywjrpekEN+X6LW+lEMM3aaRuaq8Ug=="
    }
  }
}
